// !$*UTF8*$!
{
	archiveVersion = 1;
	classes = {
	};
	objectVersion = 56;
	objects = {

/* Begin PBXBuildFile section */
		E4179C572C5E42B300603515 /* AppDelegate.swift in Sources */ = {isa = PBXBuildFile; fileRef = E4179C562C5E42B300603515 /* AppDelegate.swift */; };
		E4179C592C5E42B300603515 /* SceneDelegate.swift in Sources */ = {isa = PBXBuildFile; fileRef = E4179C582C5E42B300603515 /* SceneDelegate.swift */; };
		E4179C5B2C5E42B300603515 /* ViewController.swift in Sources */ = {isa = PBXBuildFile; fileRef = E4179C5A2C5E42B300603515 /* ViewController.swift */; };
		E4179C5E2C5E42B300603515 /* Base in Resources */ = {isa = PBXBuildFile; fileRef = E4179C5D2C5E42B300603515 /* Base */; };
		E4179C602C5E42B400603515 /* Assets.xcassets in Resources */ = {isa = PBXBuildFile; fileRef = E4179C5F2C5E42B400603515 /* Assets.xcassets */; };
		E4179C632C5E42B400603515 /* Base in Resources */ = {isa = PBXBuildFile; fileRef = E4179C622C5E42B400603515 /* Base */; };
		E4179C6E2C5E42B400603515 /* iOSAssignmentTests.swift in Sources */ = {isa = PBXBuildFile; fileRef = E4179C6D2C5E42B400603515 /* iOSAssignmentTests.swift */; };
		E4179C782C5E42B400603515 /* iOSAssignmentUITests.swift in Sources */ = {isa = PBXBuildFile; fileRef = E4179C772C5E42B400603515 /* iOSAssignmentUITests.swift */; };
		E4179C7A2C5E42B400603515 /* iOSAssignmentUITestsLaunchTests.swift in Sources */ = {isa = PBXBuildFile; fileRef = E4179C792C5E42B400603515 /* iOSAssignmentUITestsLaunchTests.swift */; };
		E4179C872C5E4B1100603515 /* ViewModel.swift in Sources */ = {isa = PBXBuildFile; fileRef = E4179C862C5E4B1100603515 /* ViewModel.swift */; };
		E4179C892C5E4F7400603515 /* ReelsBase.swift in Sources */ = {isa = PBXBuildFile; fileRef = E4179C882C5E4F7400603515 /* ReelsBase.swift */; };
		E4179C8B2C5E4FFC00603515 /* Reels.swift in Sources */ = {isa = PBXBuildFile; fileRef = E4179C8A2C5E4FFC00603515 /* Reels.swift */; };
		E4179C8D2C5E502A00603515 /* Reel.swift in Sources */ = {isa = PBXBuildFile; fileRef = E4179C8C2C5E502A00603515 /* Reel.swift */; };
		E4179C8F2C5E52D300603515 /* reels.json in Resources */ = {isa = PBXBuildFile; fileRef = E4179C8E2C5E52D300603515 /* reels.json */; };
		E4179C912C5E66E300603515 /* MyCell.swift in Sources */ = {isa = PBXBuildFile; fileRef = E4179C902C5E66E300603515 /* MyCell.swift */; };
		E4179C932C5E6A3900603515 /* PlayerView.swift in Sources */ = {isa = PBXBuildFile; fileRef = E4179C922C5E6A3900603515 /* PlayerView.swift */; };
		E4179C952C5E842C00603515 /* VideoCacheManager.swift in Sources */ = {isa = PBXBuildFile; fileRef = E4179C942C5E842C00603515 /* VideoCacheManager.swift */; };
/* End PBXBuildFile section */

/* Begin PBXContainerItemProxy section */
		E4179C6A2C5E42B400603515 /* PBXContainerItemProxy */ = {
			isa = PBXContainerItemProxy;
			containerPortal = E4179C4B2C5E42B300603515 /* Project object */;
			proxyType = 1;
			remoteGlobalIDString = E4179C522C5E42B300603515;
			remoteInfo = iOSAssignment;
		};
		E4179C742C5E42B400603515 /* PBXContainerItemProxy */ = {
			isa = PBXContainerItemProxy;
			containerPortal = E4179C4B2C5E42B300603515 /* Project object */;
			proxyType = 1;
			remoteGlobalIDString = E4179C522C5E42B300603515;
			remoteInfo = iOSAssignment;
		};
/* End PBXContainerItemProxy section */

/* Begin PBXFileReference section */
		E4179C532C5E42B300603515 /* iOSAssignment.app */ = {isa = PBXFileReference; explicitFileType = wrapper.application; includeInIndex = 0; path = iOSAssignment.app; sourceTree = BUILT_PRODUCTS_DIR; };
		E4179C562C5E42B300603515 /* AppDelegate.swift */ = {isa = PBXFileReference; lastKnownFileType = sourcecode.swift; path = AppDelegate.swift; sourceTree = "<group>"; };
		E4179C582C5E42B300603515 /* SceneDelegate.swift */ = {isa = PBXFileReference; lastKnownFileType = sourcecode.swift; path = SceneDelegate.swift; sourceTree = "<group>"; };
		E4179C5A2C5E42B300603515 /* ViewController.swift */ = {isa = PBXFileReference; lastKnownFileType = sourcecode.swift; path = ViewController.swift; sourceTree = "<group>"; };
		E4179C5D2C5E42B300603515 /* Base */ = {isa = PBXFileReference; lastKnownFileType = file.storyboard; name = Base; path = Base.lproj/Main.storyboard; sourceTree = "<group>"; };
		E4179C5F2C5E42B400603515 /* Assets.xcassets */ = {isa = PBXFileReference; lastKnownFileType = folder.assetcatalog; path = Assets.xcassets; sourceTree = "<group>"; };
		E4179C622C5E42B400603515 /* Base */ = {isa = PBXFileReference; lastKnownFileType = file.storyboard; name = Base; path = Base.lproj/LaunchScreen.storyboard; sourceTree = "<group>"; };
		E4179C642C5E42B400603515 /* Info.plist */ = {isa = PBXFileReference; lastKnownFileType = text.plist.xml; path = Info.plist; sourceTree = "<group>"; };
		E4179C692C5E42B400603515 /* iOSAssignmentTests.xctest */ = {isa = PBXFileReference; explicitFileType = wrapper.cfbundle; includeInIndex = 0; path = iOSAssignmentTests.xctest; sourceTree = BUILT_PRODUCTS_DIR; };
		E4179C6D2C5E42B400603515 /* iOSAssignmentTests.swift */ = {isa = PBXFileReference; lastKnownFileType = sourcecode.swift; path = iOSAssignmentTests.swift; sourceTree = "<group>"; };
		E4179C732C5E42B400603515 /* iOSAssignmentUITests.xctest */ = {isa = PBXFileReference; explicitFileType = wrapper.cfbundle; includeInIndex = 0; path = iOSAssignmentUITests.xctest; sourceTree = BUILT_PRODUCTS_DIR; };
		E4179C772C5E42B400603515 /* iOSAssignmentUITests.swift */ = {isa = PBXFileReference; lastKnownFileType = sourcecode.swift; path = iOSAssignmentUITests.swift; sourceTree = "<group>"; };
		E4179C792C5E42B400603515 /* iOSAssignmentUITestsLaunchTests.swift */ = {isa = PBXFileReference; lastKnownFileType = sourcecode.swift; path = iOSAssignmentUITestsLaunchTests.swift; sourceTree = "<group>"; };
		E4179C862C5E4B1100603515 /* ViewModel.swift */ = {isa = PBXFileReference; lastKnownFileType = sourcecode.swift; path = ViewModel.swift; sourceTree = "<group>"; };
		E4179C882C5E4F7400603515 /* ReelsBase.swift */ = {isa = PBXFileReference; lastKnownFileType = sourcecode.swift; path = ReelsBase.swift; sourceTree = "<group>"; };
		E4179C8A2C5E4FFC00603515 /* Reels.swift */ = {isa = PBXFileReference; lastKnownFileType = sourcecode.swift; path = Reels.swift; sourceTree = "<group>"; };
		E4179C8C2C5E502A00603515 /* Reel.swift */ = {isa = PBXFileReference; lastKnownFileType = sourcecode.swift; path = Reel.swift; sourceTree = "<group>"; };
		E4179C8E2C5E52D300603515 /* reels.json */ = {isa = PBXFileReference; fileEncoding = 4; lastKnownFileType = text.json; path = reels.json; sourceTree = "<group>"; };
		E4179C902C5E66E300603515 /* MyCell.swift */ = {isa = PBXFileReference; lastKnownFileType = sourcecode.swift; path = MyCell.swift; sourceTree = "<group>"; };
		E4179C922C5E6A3900603515 /* PlayerView.swift */ = {isa = PBXFileReference; lastKnownFileType = sourcecode.swift; path = PlayerView.swift; sourceTree = "<group>"; };
		E4179C942C5E842C00603515 /* VideoCacheManager.swift */ = {isa = PBXFileReference; lastKnownFileType = sourcecode.swift; path = VideoCacheManager.swift; sourceTree = "<group>"; };
/* End PBXFileReference section */

/* Begin PBXFrameworksBuildPhase section */
		E4179C502C5E42B300603515 /* Frameworks */ = {
			isa = PBXFrameworksBuildPhase;
			buildActionMask = 2147483647;
			files = (
			);
			runOnlyForDeploymentPostprocessing = 0;
		};
		E4179C662C5E42B400603515 /* Frameworks */ = {
			isa = PBXFrameworksBuildPhase;
			buildActionMask = 2147483647;
			files = (
			);
			runOnlyForDeploymentPostprocessing = 0;
		};
		E4179C702C5E42B400603515 /* Frameworks */ = {
			isa = PBXFrameworksBuildPhase;
			buildActionMask = 2147483647;
			files = (
			);
			runOnlyForDeploymentPostprocessing = 0;
		};
/* End PBXFrameworksBuildPhase section */

/* Begin PBXGroup section */
		E4179C4A2C5E42B300603515 = {
			isa = PBXGroup;
			children = (
				E4179C552C5E42B300603515 /* iOSAssignment */,
				E4179C6C2C5E42B400603515 /* iOSAssignmentTests */,
				E4179C762C5E42B400603515 /* iOSAssignmentUITests */,
				E4179C542C5E42B300603515 /* Products */,
			);
			sourceTree = "<group>";
		};
		E4179C542C5E42B300603515 /* Products */ = {
			isa = PBXGroup;
			children = (
				E4179C532C5E42B300603515 /* iOSAssignment.app */,
				E4179C692C5E42B400603515 /* iOSAssignmentTests.xctest */,
				E4179C732C5E42B400603515 /* iOSAssignmentUITests.xctest */,
			);
			name = Products;
			sourceTree = "<group>";
		};
		E4179C552C5E42B300603515 /* iOSAssignment */ = {
			isa = PBXGroup;
			children = (
				E4179C562C5E42B300603515 /* AppDelegate.swift */,
				E4179C582C5E42B300603515 /* SceneDelegate.swift */,
				E4179C5A2C5E42B300603515 /* ViewController.swift */,
				E4179C902C5E66E300603515 /* MyCell.swift */,
				E4179C922C5E6A3900603515 /* PlayerView.swift */,
				E4179C942C5E842C00603515 /* VideoCacheManager.swift */,
				E4179C862C5E4B1100603515 /* ViewModel.swift */,
				E4179C882C5E4F7400603515 /* ReelsBase.swift */,
				E4179C8A2C5E4FFC00603515 /* Reels.swift */,
				E4179C8C2C5E502A00603515 /* Reel.swift */,
				E4179C5C2C5E42B300603515 /* Main.storyboard */,
				E4179C8E2C5E52D300603515 /* reels.json */,
				E4179C5F2C5E42B400603515 /* Assets.xcassets */,
				E4179C612C5E42B400603515 /* LaunchScreen.storyboard */,
				E4179C642C5E42B400603515 /* Info.plist */,
			);
			path = iOSAssignment;
			sourceTree = "<group>";
		};
		E4179C6C2C5E42B400603515 /* iOSAssignmentTests */ = {
			isa = PBXGroup;
			children = (
				E4179C6D2C5E42B400603515 /* iOSAssignmentTests.swift */,
			);
			path = iOSAssignmentTests;
			sourceTree = "<group>";
		};
		E4179C762C5E42B400603515 /* iOSAssignmentUITests */ = {
			isa = PBXGroup;
			children = (
				E4179C772C5E42B400603515 /* iOSAssignmentUITests.swift */,
				E4179C792C5E42B400603515 /* iOSAssignmentUITestsLaunchTests.swift */,
			);
			path = iOSAssignmentUITests;
			sourceTree = "<group>";
		};
/* End PBXGroup section */

/* Begin PBXNativeTarget section */
		E4179C522C5E42B300603515 /* iOSAssignment */ = {
			isa = PBXNativeTarget;
			buildConfigurationList = E4179C7D2C5E42B400603515 /* Build configuration list for PBXNativeTarget "iOSAssignment" */;
			buildPhases = (
				E4179C4F2C5E42B300603515 /* Sources */,
				E4179C502C5E42B300603515 /* Frameworks */,
				E4179C512C5E42B300603515 /* Resources */,
			);
			buildRules = (
			);
			dependencies = (
			);
			name = iOSAssignment;
			productName = iOSAssignment;
			productReference = E4179C532C5E42B300603515 /* iOSAssignment.app */;
			productType = "com.apple.product-type.application";
		};
		E4179C682C5E42B400603515 /* iOSAssignmentTests */ = {
			isa = PBXNativeTarget;
			buildConfigurationList = E4179C802C5E42B400603515 /* Build configuration list for PBXNativeTarget "iOSAssignmentTests" */;
			buildPhases = (
				E4179C652C5E42B400603515 /* Sources */,
				E4179C662C5E42B400603515 /* Frameworks */,
				E4179C672C5E42B400603515 /* Resources */,
			);
			buildRules = (
			);
			dependencies = (
				E4179C6B2C5E42B400603515 /* PBXTargetDependency */,
			);
			name = iOSAssignmentTests;
			productName = iOSAssignmentTests;
			productReference = E4179C692C5E42B400603515 /* iOSAssignmentTests.xctest */;
			productType = "com.apple.product-type.bundle.unit-test";
		};
		E4179C722C5E42B400603515 /* iOSAssignmentUITests */ = {
			isa = PBXNativeTarget;
			buildConfigurationList = E4179C832C5E42B400603515 /* Build configuration list for PBXNativeTarget "iOSAssignmentUITests" */;
			buildPhases = (
				E4179C6F2C5E42B400603515 /* Sources */,
				E4179C702C5E42B400603515 /* Frameworks */,
				E4179C712C5E42B400603515 /* Resources */,
			);
			buildRules = (
			);
			dependencies = (
				E4179C752C5E42B400603515 /* PBXTargetDependency */,
			);
			name = iOSAssignmentUITests;
			productName = iOSAssignmentUITests;
			productReference = E4179C732C5E42B400603515 /* iOSAssignmentUITests.xctest */;
			productType = "com.apple.product-type.bundle.ui-testing";
		};
/* End PBXNativeTarget section */

/* Begin PBXProject section */
		E4179C4B2C5E42B300603515 /* Project object */ = {
			isa = PBXProject;
			attributes = {
				BuildIndependentTargetsInParallel = 1;
				LastSwiftUpdateCheck = 1540;
				LastUpgradeCheck = 1540;
				TargetAttributes = {
					E4179C522C5E42B300603515 = {
						CreatedOnToolsVersion = 15.4;
					};
					E4179C682C5E42B400603515 = {
						CreatedOnToolsVersion = 15.4;
						TestTargetID = E4179C522C5E42B300603515;
					};
					E4179C722C5E42B400603515 = {
						CreatedOnToolsVersion = 15.4;
						TestTargetID = E4179C522C5E42B300603515;
					};
				};
			};
			buildConfigurationList = E4179C4E2C5E42B300603515 /* Build configuration list for PBXProject "iOSAssignment" */;
			compatibilityVersion = "Xcode 14.0";
			developmentRegion = en;
			hasScannedForEncodings = 0;
			knownRegions = (
				en,
				Base,
			);
			mainGroup = E4179C4A2C5E42B300603515;
			productRefGroup = E4179C542C5E42B300603515 /* Products */;
			projectDirPath = "";
			projectRoot = "";
			targets = (
				E4179C522C5E42B300603515 /* iOSAssignment */,
				E4179C682C5E42B400603515 /* iOSAssignmentTests */,
				E4179C722C5E42B400603515 /* iOSAssignmentUITests */,
			);
		};
/* End PBXProject section */

/* Begin PBXResourcesBuildPhase section */
		E4179C512C5E42B300603515 /* Resources */ = {
			isa = PBXResourcesBuildPhase;
			buildActionMask = 2147483647;
			files = (
				E4179C602C5E42B400603515 /* Assets.xcassets in Resources */,
				E4179C8F2C5E52D300603515 /* reels.json in Resources */,
				E4179C632C5E42B400603515 /* Base in Resources */,
				E4179C5E2C5E42B300603515 /* Base in Resources */,
			);
			runOnlyForDeploymentPostprocessing = 0;
		};
		E4179C672C5E42B400603515 /* Resources */ = {
			isa = PBXResourcesBuildPhase;
			buildActionMask = 2147483647;
			files = (
			);
			runOnlyForDeploymentPostprocessing = 0;
		};
		E4179C712C5E42B400603515 /* Resources */ = {
			isa = PBXResourcesBuildPhase;
			buildActionMask = 2147483647;
			files = (
			);
			runOnlyForDeploymentPostprocessing = 0;
		};
/* End PBXResourcesBuildPhase section */

/* Begin PBXSourcesBuildPhase section */
		E4179C4F2C5E42B300603515 /* Sources */ = {
			isa = PBXSourcesBuildPhase;
			buildActionMask = 2147483647;
			files = (
				E4179C952C5E842C00603515 /* VideoCacheManager.swift in Sources */,
				E4179C932C5E6A3900603515 /* PlayerView.swift in Sources */,
				E4179C5B2C5E42B300603515 /* ViewController.swift in Sources */,
				E4179C8D2C5E502A00603515 /* Reel.swift in Sources */,
				E4179C892C5E4F7400603515 /* ReelsBase.swift in Sources */,
				E4179C572C5E42B300603515 /* AppDelegate.swift in Sources */,
				E4179C8B2C5E4FFC00603515 /* Reels.swift in Sources */,
				E4179C912C5E66E300603515 /* MyCell.swift in Sources */,
				E4179C872C5E4B1100603515 /* ViewModel.swift in Sources */,
				E4179C592C5E42B300603515 /* SceneDelegate.swift in Sources */,
			);
			runOnlyForDeploymentPostprocessing = 0;
		};
		E4179C652C5E42B400603515 /* Sources */ = {
			isa = PBXSourcesBuildPhase;
			buildActionMask = 2147483647;
			files = (
				E4179C6E2C5E42B400603515 /* iOSAssignmentTests.swift in Sources */,
			);
			runOnlyForDeploymentPostprocessing = 0;
		};
		E4179C6F2C5E42B400603515 /* Sources */ = {
			isa = PBXSourcesBuildPhase;
			buildActionMask = 2147483647;
			files = (
				E4179C782C5E42B400603515 /* iOSAssignmentUITests.swift in Sources */,
				E4179C7A2C5E42B400603515 /* iOSAssignmentUITestsLaunchTests.swift in Sources */,
			);
			runOnlyForDeploymentPostprocessing = 0;
		};
/* End PBXSourcesBuildPhase section */

/* Begin PBXTargetDependency section */
		E4179C6B2C5E42B400603515 /* PBXTargetDependency */ = {
			isa = PBXTargetDependency;
			target = E4179C522C5E42B300603515 /* iOSAssignment */;
			targetProxy = E4179C6A2C5E42B400603515 /* PBXContainerItemProxy */;
		};
		E4179C752C5E42B400603515 /* PBXTargetDependency */ = {
			isa = PBXTargetDependency;
			target = E4179C522C5E42B300603515 /* iOSAssignment */;
			targetProxy = E4179C742C5E42B400603515 /* PBXContainerItemProxy */;
		};
/* End PBXTargetDependency section */

/* Begin PBXVariantGroup section */
		E4179C5C2C5E42B300603515 /* Main.storyboard */ = {
			isa = PBXVariantGroup;
			children = (
				E4179C5D2C5E42B300603515 /* Base */,
			);
			name = Main.storyboard;
			sourceTree = "<group>";
		};
		E4179C612C5E42B400603515 /* LaunchScreen.storyboard */ = {
			isa = PBXVariantGroup;
			children = (
				E4179C622C5E42B400603515 /* Base */,
			);
			name = LaunchScreen.storyboard;
			sourceTree = "<group>";
		};
/* End PBXVariantGroup section */

/* Begin XCBuildConfiguration section */
		E4179C7B2C5E42B400603515 /* Debug */ = {
			isa = XCBuildConfiguration;
			buildSettings = {
				ALWAYS_SEARCH_USER_PATHS = NO;
				ASSETCATALOG_COMPILER_GENERATE_SWIFT_ASSET_SYMBOL_EXTENSIONS = YES;
				CLANG_ANALYZER_NONNULL = YES;
				CLANG_ANALYZER_NUMBER_OBJECT_CONVERSION = YES_AGGRESSIVE;
				CLANG_CXX_LANGUAGE_STANDARD = "gnu++20";
				CLANG_ENABLE_MODULES = YES;
				CLANG_ENABLE_OBJC_ARC = YES;
				CLANG_ENABLE_OBJC_WEAK = YES;
				CLANG_WARN_BLOCK_CAPTURE_AUTORELEASING = YES;
				CLANG_WARN_BOOL_CONVERSION = YES;
				CLANG_WARN_COMMA = YES;
				CLANG_WARN_CONSTANT_CONVERSION = YES;
				CLANG_WARN_DEPRECATED_OBJC_IMPLEMENTATIONS = YES;
				CLANG_WARN_DIRECT_OBJC_ISA_USAGE = YES_ERROR;
				CLANG_WARN_DOCUMENTATION_COMMENTS = YES;
				CLANG_WARN_EMPTY_BODY = YES;
				CLANG_WARN_ENUM_CONVERSION = YES;
				CLANG_WARN_INFINITE_RECURSION = YES;
				CLANG_WARN_INT_CONVERSION = YES;
				CLANG_WARN_NON_LITERAL_NULL_CONVERSION = YES;
				CLANG_WARN_OBJC_IMPLICIT_RETAIN_SELF = YES;
				CLANG_WARN_OBJC_LITERAL_CONVERSION = YES;
				CLANG_WARN_OBJC_ROOT_CLASS = YES_ERROR;
				CLANG_WARN_QUOTED_INCLUDE_IN_FRAMEWORK_HEADER = YES;
				CLANG_WARN_RANGE_LOOP_ANALYSIS = YES;
				CLANG_WARN_STRICT_PROTOTYPES = YES;
				CLANG_WARN_SUSPICIOUS_MOVE = YES;
				CLANG_WARN_UNGUARDED_AVAILABILITY = YES_AGGRESSIVE;
				CLANG_WARN_UNREACHABLE_CODE = YES;
				CLANG_WARN__DUPLICATE_METHOD_MATCH = YES;
				COPY_PHASE_STRIP = NO;
				DEBUG_INFORMATION_FORMAT = dwarf;
				ENABLE_STRICT_OBJC_MSGSEND = YES;
				ENABLE_TESTABILITY = YES;
				ENABLE_USER_SCRIPT_SANDBOXING = YES;
				GCC_C_LANGUAGE_STANDARD = gnu17;
				GCC_DYNAMIC_NO_PIC = NO;
				GCC_NO_COMMON_BLOCKS = YES;
				GCC_OPTIMIZATION_LEVEL = 0;
				GCC_PREPROCESSOR_DEFINITIONS = (
					"DEBUG=1",
					"$(inherited)",
				);
				GCC_WARN_64_TO_32_BIT_CONVERSION = YES;
				GCC_WARN_ABOUT_RETURN_TYPE = YES_ERROR;
				GCC_WARN_UNDECLARED_SELECTOR = YES;
				GCC_WARN_UNINITIALIZED_AUTOS = YES_AGGRESSIVE;
				GCC_WARN_UNUSED_FUNCTION = YES;
				GCC_WARN_UNUSED_VARIABLE = YES;
				IPHONEOS_DEPLOYMENT_TARGET = 17.5;
				LOCALIZATION_PREFERS_STRING_CATALOGS = YES;
				MTL_ENABLE_DEBUG_INFO = INCLUDE_SOURCE;
				MTL_FAST_MATH = YES;
				ONLY_ACTIVE_ARCH = YES;
				SDKROOT = iphoneos;
				SWIFT_ACTIVE_COMPILATION_CONDITIONS = "DEBUG $(inherited)";
				SWIFT_OPTIMIZATION_LEVEL = "-Onone";
			};
			name = Debug;
		};
		E4179C7C2C5E42B400603515 /* Release */ = {
			isa = XCBuildConfiguration;
			buildSettings = {
				ALWAYS_SEARCH_USER_PATHS = NO;
				ASSETCATALOG_COMPILER_GENERATE_SWIFT_ASSET_SYMBOL_EXTENSIONS = YES;
				CLANG_ANALYZER_NONNULL = YES;
				CLANG_ANALYZER_NUMBER_OBJECT_CONVERSION = YES_AGGRESSIVE;
				CLANG_CXX_LANGUAGE_STANDARD = "gnu++20";
				CLANG_ENABLE_MODULES = YES;
				CLANG_ENABLE_OBJC_ARC = YES;
				CLANG_ENABLE_OBJC_WEAK = YES;
				CLANG_WARN_BLOCK_CAPTURE_AUTORELEASING = YES;
				CLANG_WARN_BOOL_CONVERSION = YES;
				CLANG_WARN_COMMA = YES;
				CLANG_WARN_CONSTANT_CONVERSION = YES;
				CLANG_WARN_DEPRECATED_OBJC_IMPLEMENTATIONS = YES;
				CLANG_WARN_DIRECT_OBJC_ISA_USAGE = YES_ERROR;
				CLANG_WARN_DOCUMENTATION_COMMENTS = YES;
				CLANG_WARN_EMPTY_BODY = YES;
				CLANG_WARN_ENUM_CONVERSION = YES;
				CLANG_WARN_INFINITE_RECURSION = YES;
				CLANG_WARN_INT_CONVERSION = YES;
				CLANG_WARN_NON_LITERAL_NULL_CONVERSION = YES;
				CLANG_WARN_OBJC_IMPLICIT_RETAIN_SELF = YES;
				CLANG_WARN_OBJC_LITERAL_CONVERSION = YES;
				CLANG_WARN_OBJC_ROOT_CLASS = YES_ERROR;
				CLANG_WARN_QUOTED_INCLUDE_IN_FRAMEWORK_HEADER = YES;
				CLANG_WARN_RANGE_LOOP_ANALYSIS = YES;
				CLANG_WARN_STRICT_PROTOTYPES = YES;
				CLANG_WARN_SUSPICIOUS_MOVE = YES;
				CLANG_WARN_UNGUARDED_AVAILABILITY = YES_AGGRESSIVE;
				CLANG_WARN_UNREACHABLE_CODE = YES;
				CLANG_WARN__DUPLICATE_METHOD_MATCH = YES;
				COPY_PHASE_STRIP = NO;
				DEBUG_INFORMATION_FORMAT = "dwarf-with-dsym";
				ENABLE_NS_ASSERTIONS = NO;
				ENABLE_STRICT_OBJC_MSGSEND = YES;
				ENABLE_USER_SCRIPT_SANDBOXING = YES;
				GCC_C_LANGUAGE_STANDARD = gnu17;
				GCC_NO_COMMON_BLOCKS = YES;
				GCC_WARN_64_TO_32_BIT_CONVERSION = YES;
				GCC_WARN_ABOUT_RETURN_TYPE = YES_ERROR;
				GCC_WARN_UNDECLARED_SELECTOR = YES;
				GCC_WARN_UNINITIALIZED_AUTOS = YES_AGGRESSIVE;
				GCC_WARN_UNUSED_FUNCTION = YES;
				GCC_WARN_UNUSED_VARIABLE = YES;
				IPHONEOS_DEPLOYMENT_TARGET = 17.5;
				LOCALIZATION_PREFERS_STRING_CATALOGS = YES;
				MTL_ENABLE_DEBUG_INFO = NO;
				MTL_FAST_MATH = YES;
				SDKROOT = iphoneos;
				SWIFT_COMPILATION_MODE = wholemodule;
				VALIDATE_PRODUCT = YES;
			};
			name = Release;
		};
		E4179C7E2C5E42B400603515 /* Debug */ = {
			isa = XCBuildConfiguration;
			buildSettings = {
				ASSETCATALOG_COMPILER_APPICON_NAME = AppIcon;
				ASSETCATALOG_COMPILER_GLOBAL_ACCENT_COLOR_NAME = AccentColor;
				CODE_SIGN_STYLE = Automatic;
				CURRENT_PROJECT_VERSION = 1;
				GENERATE_INFOPLIST_FILE = YES;
				INFOPLIST_FILE = iOSAssignment/Info.plist;
				INFOPLIST_KEY_UIApplicationSupportsIndirectInputEvents = YES;
				INFOPLIST_KEY_UILaunchStoryboardName = LaunchScreen;
				INFOPLIST_KEY_UIMainStoryboardFile = Main;
				INFOPLIST_KEY_UISupportedInterfaceOrientations = UIInterfaceOrientationPortrait;
				INFOPLIST_KEY_UISupportedInterfaceOrientations_iPad = "UIInterfaceOrientationLandscapeLeft UIInterfaceOrientationLandscapeRight UIInterfaceOrientationPortrait UIInterfaceOrientationPortraitUpsideDown";
				LD_RUNPATH_SEARCH_PATHS = (
					"$(inherited)",
					"@executable_path/Frameworks",
				);
				MARKETING_VERSION = 1.0;
				PRODUCT_BUNDLE_IDENTIFIER = com.ram.iOSAssignment;
				PRODUCT_NAME = "$(TARGET_NAME)";
				SWIFT_EMIT_LOC_STRINGS = YES;
				SWIFT_VERSION = 5.0;
				TARGETED_DEVICE_FAMILY = "1,2";
			};
			name = Debug;
		};
		E4179C7F2C5E42B400603515 /* Release */ = {
			isa = XCBuildConfiguration;
			buildSettings = {
				ASSETCATALOG_COMPILER_APPICON_NAME = AppIcon;
				ASSETCATALOG_COMPILER_GLOBAL_ACCENT_COLOR_NAME = AccentColor;
				CODE_SIGN_STYLE = Automatic;
				CURRENT_PROJECT_VERSION = 1;
				GENERATE_INFOPLIST_FILE = YES;
				INFOPLIST_FILE = iOSAssignment/Info.plist;
				INFOPLIST_KEY_UIApplicationSupportsIndirectInputEvents = YES;
				INFOPLIST_KEY_UILaunchStoryboardName = LaunchScreen;
				INFOPLIST_KEY_UIMainStoryboardFile = Main;
				INFOPLIST_KEY_UISupportedInterfaceOrientations = UIInterfaceOrientationPortrait;
				INFOPLIST_KEY_UISupportedInterfaceOrientations_iPad = "UIInterfaceOrientationLandscapeLeft UIInterfaceOrientationLandscapeRight UIInterfaceOrientationPortrait UIInterfaceOrientationPortraitUpsideDown";
				LD_RUNPATH_SEARCH_PATHS = (
					"$(inherited)",
					"@executable_path/Frameworks",
				);
				MARKETING_VERSION = 1.0;
				PRODUCT_BUNDLE_IDENTIFIER = com.ram.iOSAssignment;
				PRODUCT_NAME = "$(TARGET_NAME)";
				SWIFT_EMIT_LOC_STRINGS = YES;
				SWIFT_VERSION = 5.0;
				TARGETED_DEVICE_FAMILY = "1,2";
			};
			name = Release;
		};
		E4179C812C5E42B400603515 /* Debug */ = {
			isa = XCBuildConfiguration;
			buildSettings = {
				ALWAYS_EMBED_SWIFT_STANDARD_LIBRARIES = YES;
				BUNDLE_LOADER = "$(TEST_HOST)";
				CODE_SIGN_STYLE = Automatic;
				CURRENT_PROJECT_VERSION = 1;
				GENERATE_INFOPLIST_FILE = YES;
				IPHONEOS_DEPLOYMENT_TARGET = 17.5;
				MARKETING_VERSION = 1.0;
				PRODUCT_BUNDLE_IDENTIFIER = com.ram.iOSAssignmentTests;
				PRODUCT_NAME = "$(TARGET_NAME)";
				SWIFT_EMIT_LOC_STRINGS = NO;
				SWIFT_VERSION = 5.0;
				TARGETED_DEVICE_FAMILY = "1,2";
				TEST_HOST = "$(BUILT_PRODUCTS_DIR)/iOSAssignment.app/$(BUNDLE_EXECUTABLE_FOLDER_PATH)/iOSAssignment";
			};
			name = Debug;
		};
		E4179C822C5E42B400603515 /* Release */ = {
			isa = XCBuildConfiguration;
			buildSettings = {
				ALWAYS_EMBED_SWIFT_STANDARD_LIBRARIES = YES;
				BUNDLE_LOADER = "$(TEST_HOST)";
				CODE_SIGN_STYLE = Automatic;
				CURRENT_PROJECT_VERSION = 1;
				GENERATE_INFOPLIST_FILE = YES;
				IPHONEOS_DEPLOYMENT_TARGET = 17.5;
				MARKETING_VERSION = 1.0;
				PRODUCT_BUNDLE_IDENTIFIER = com.ram.iOSAssignmentTests;
				PRODUCT_NAME = "$(TARGET_NAME)";
				SWIFT_EMIT_LOC_STRINGS = NO;
				SWIFT_VERSION = 5.0;
				TARGETED_DEVICE_FAMILY = "1,2";
				TEST_HOST = "$(BUILT_PRODUCTS_DIR)/iOSAssignment.app/$(BUNDLE_EXECUTABLE_FOLDER_PATH)/iOSAssignment";
			};
			name = Release;
		};
		E4179C842C5E42B400603515 /* Debug */ = {
			isa = XCBuildConfiguration;
			buildSettings = {
				ALWAYS_EMBED_SWIFT_STANDARD_LIBRARIES = YES;
				CODE_SIGN_STYLE = Automatic;
				CURRENT_PROJECT_VERSION = 1;
				GENERATE_INFOPLIST_FILE = YES;
				MARKETING_VERSION = 1.0;
				PRODUCT_BUNDLE_IDENTIFIER = com.ram.iOSAssignmentUITests;
				PRODUCT_NAME = "$(TARGET_NAME)";
				SWIFT_EMIT_LOC_STRINGS = NO;
				SWIFT_VERSION = 5.0;
				TARGETED_DEVICE_FAMILY = "1,2";
				TEST_TARGET_NAME = iOSAssignment;
			};
			name = Debug;
		};
		E4179C852C5E42B400603515 /* Release */ = {
			isa = XCBuildConfiguration;
			buildSettings = {
				ALWAYS_EMBED_SWIFT_STANDARD_LIBRARIES = YES;
				CODE_SIGN_STYLE = Automatic;
				CURRENT_PROJECT_VERSION = 1;
				GENERATE_INFOPLIST_FILE = YES;
				MARKETING_VERSION = 1.0;
				PRODUCT_BUNDLE_IDENTIFIER = com.ram.iOSAssignmentUITests;
				PRODUCT_NAME = "$(TARGET_NAME)";
				SWIFT_EMIT_LOC_STRINGS = NO;
				SWIFT_VERSION = 5.0;
				TARGETED_DEVICE_FAMILY = "1,2";
				TEST_TARGET_NAME = iOSAssignment;
			};
			name = Release;
		};
/* End XCBuildConfiguration section */

/* Begin XCConfigurationList section */
		E4179C4E2C5E42B300603515 /* Build configuration list for PBXProject "iOSAssignment" */ = {
			isa = XCConfigurationList;
			buildConfigurations = (
				E4179C7B2C5E42B400603515 /* Debug */,
				E4179C7C2C5E42B400603515 /* Release */,
			);
			defaultConfigurationIsVisible = 0;
			defaultConfigurationName = Release;
		};
		E4179C7D2C5E42B400603515 /* Build configuration list for PBXNativeTarget "iOSAssignment" */ = {
			isa = XCConfigurationList;
			buildConfigurations = (
				E4179C7E2C5E42B400603515 /* Debug */,
				E4179C7F2C5E42B400603515 /* Release */,
			);
			defaultConfigurationIsVisible = 0;
			defaultConfigurationName = Release;
		};
		E4179C802C5E42B400603515 /* Build configuration list for PBXNativeTarget "iOSAssignmentTests" */ = {
			isa = XCConfigurationList;
			buildConfigurations = (
				E4179C812C5E42B400603515 /* Debug */,
				E4179C822C5E42B400603515 /* Release */,
			);
			defaultConfigurationIsVisible = 0;
			defaultConfigurationName = Release;
		};
		E4179C832C5E42B400603515 /* Build configuration list for PBXNativeTarget "iOSAssignmentUITests" */ = {
			isa = XCConfigurationList;
			buildConfigurations = (
				E4179C842C5E42B400603515 /* Debug */,
				E4179C852C5E42B400603515 /* Release */,
			);
			defaultConfigurationIsVisible = 0;
			defaultConfigurationName = Release;
		};
/* End XCConfigurationList section */
	};
	rootObject = E4179C4B2C5E42B300603515 /* Project object */;
}
